
Microsoft Visual Studio Solution File, Format Version 12.00
# Visual Studio Version 16
VisualStudioVersion = 16.0.33423.256
MinimumVisualStudioVersion = 10.0.40219.1
Project("{FAE04EC0-301F-11D3-BF4B-00C04F79EFBC}") = "Calculator", "Calculator\Calculator.csproj", "{2E3A1164-029A-4372-A3F7-579486E365A6}"
EndProject
Global
	GlobalSection(SolutionConfigurationPlatforms) = preSolution
		Debug|Any CPU = Debug|Any CPU
		Release|Any CPU = Release|Any CPU
	EndGlobalSection
	GlobalSection(ProjectConfigurationPlatforms) = postSolution
		{2E3A1164-029A-4372-A3F7-579486E365A6}.Debug|Any CPU.ActiveCfg = Debug|Any CPU
		{2E3A1164-029A-4372-A3F7-579486E365A6}.Debug|Any CPU.Build.0 = Debug|Any CPU
		{2E3A1164-029A-4372-A3F7-579486E365A6}.Release|Any CPU.ActiveCfg = Release|Any CPU
		{2E3A1164-029A-4372-A3F7-579486E365A6}.Release|Any CPU.Build.0 = Release|Any CPU
	EndGlobalSection
	GlobalSection(SolutionProperties) = preSolution
		HideSolutionNode = FALSE
	EndGlobalSection
	GlobalSection(ExtensibilityGlobals) = postSolution
		SolutionGuid = {32F6A8FC-3124-46DD-AC97-21756A231337}
	EndGlobalSection
EndGlobal
